// !$*UTF8*$!
{
	archiveVersion = 1;
	classes = {
	};
	objectVersion = 46;
	objects = {

/* Begin PBXBuildFile section */
		D412CCCA1741E05F00EB310C /* UIKit.framework in Frameworks */ = {isa = PBXBuildFile; fileRef = D412CCC91741E05F00EB310C /* UIKit.framework */; };
		D412CCCC1741E05F00EB310C /* Foundation.framework in Frameworks */ = {isa = PBXBuildFile; fileRef = D412CCCB1741E05F00EB310C /* Foundation.framework */; };
		D412CCCE1741E05F00EB310C /* CoreGraphics.framework in Frameworks */ = {isa = PBXBuildFile; fileRef = D412CCCD1741E05F00EB310C /* CoreGraphics.framework */; };
		D412CCD41741E05F00EB310C /* InfoPlist.strings in Resources */ = {isa = PBXBuildFile; fileRef = D412CCD21741E05F00EB310C /* InfoPlist.strings */; };
		D412CCD61741E05F00EB310C /* main.m in Sources */ = {isa = PBXBuildFile; fileRef = D412CCD51741E05F00EB310C /* main.m */; };
		D412CCDA1741E05F00EB310C /* AppDelegate.m in Sources */ = {isa = PBXBuildFile; fileRef = D412CCD91741E05F00EB310C /* AppDelegate.m */; };
		D412CCDC1741E05F00EB310C /* Default.png in Resources */ = {isa = PBXBuildFile; fileRef = D412CCDB1741E05F00EB310C /* Default.png */; };
		D412CCDE1741E05F00EB310C /* Default@2x.png in Resources */ = {isa = PBXBuildFile; fileRef = D412CCDD1741E05F00EB310C /* Default@2x.png */; };
		D412CCE01741E05F00EB310C /* Default-568h@2x.png in Resources */ = {isa = PBXBuildFile; fileRef = D412CCDF1741E05F00EB310C /* Default-568h@2x.png */; };
		D412CCE31741E05F00EB310C /* MainStoryboard.storyboard in Resources */ = {isa = PBXBuildFile; fileRef = D412CCE11741E05F00EB310C /* MainStoryboard.storyboard */; };
		D412CCE61741E05F00EB310C /* ViewController.m in Sources */ = {isa = PBXBuildFile; fileRef = D412CCE51741E05F00EB310C /* ViewController.m */; };
		D453EC5D1744D98600230D32 /* SecondViewController.m in Sources */ = {isa = PBXBuildFile; fileRef = D453EC5C1744D98600230D32 /* SecondViewController.m */; };
/* End PBXBuildFile section */

/* Begin PBXFileReference section */
		D412CCC61741E05F00EB310C /* StoryboardRunPCExample.app */ = {isa = PBXFileReference; explicitFileType = wrapper.application; includeInIndex = 0; path = StoryboardRunPCExample.app; sourceTree = BUILT_PRODUCTS_DIR; };
		D412CCC91741E05F00EB310C /* UIKit.framework */ = {isa = PBXFileReference; lastKnownFileType = wrapper.framework; name = UIKit.framework; path = System/Library/Frameworks/UIKit.framework; sourceTree = SDKROOT; };
		D412CCCB1741E05F00EB310C /* Foundation.framework */ = {isa = PBXFileReference; lastKnownFileType = wrapper.framework; name = Foundation.framework; path = System/Library/Frameworks/Foundation.framework; sourceTree = SDKROOT; };
		D412CCCD1741E05F00EB310C /* CoreGraphics.framework */ = {isa = PBXFileReference; lastKnownFileType = wrapper.framework; name = CoreGraphics.framework; path = System/Library/Frameworks/CoreGraphics.framework; sourceTree = SDKROOT; };
		D412CCD11741E05F00EB310C /* StoryboardRunPCExample-Info.plist */ = {isa = PBXFileReference; lastKnownFileType = text.plist.xml; path = "StoryboardRunPCExample-Info.plist"; sourceTree = "<group>"; };
		D412CCD31741E05F00EB310C /* en */ = {isa = PBXFileReference; lastKnownFileType = text.plist.strings; name = en; path = en.lproj/InfoPlist.strings; sourceTree = "<group>"; };
		D412CCD51741E05F00EB310C /* main.m */ = {isa = PBXFileReference; lastKnownFileType = sourcecode.c.objc; path = main.m; sourceTree = "<group>"; };
		D412CCD71741E05F00EB310C /* StoryboardRunPCExample-Prefix.pch */ = {isa = PBXFileReference; lastKnownFileType = sourcecode.c.h; path = "StoryboardRunPCExample-Prefix.pch"; sourceTree = "<group>"; };
		D412CCD81741E05F00EB310C /* AppDelegate.h */ = {isa = PBXFileReference; lastKnownFileType = sourcecode.c.h; path = AppDelegate.h; sourceTree = "<group>"; };
		D412CCD91741E05F00EB310C /* AppDelegate.m */ = {isa = PBXFileReference; lastKnownFileType = sourcecode.c.objc; path = AppDelegate.m; sourceTree = "<group>"; };
		D412CCDB1741E05F00EB310C /* Default.png */ = {isa = PBXFileReference; lastKnownFileType = image.png; path = Default.png; sourceTree = "<group>"; };
		D412CCDD1741E05F00EB310C /* Default@2x.png */ = {isa = PBXFileReference; lastKnownFileType = image.png; path = "Default@2x.png"; sourceTree = "<group>"; };
		D412CCDF1741E05F00EB310C /* Default-568h@2x.png */ = {isa = PBXFileReference; lastKnownFileType = image.png; path = "Default-568h@2x.png"; sourceTree = "<group>"; };
		D412CCE21741E05F00EB310C /* en */ = {isa = PBXFileReference; lastKnownFileType = file.storyboard; name = en; path = en.lproj/MainStoryboard.storyboard; sourceTree = "<group>"; };
		D412CCE41741E05F00EB310C /* ViewController.h */ = {isa = PBXFileReference; lastKnownFileType = sourcecode.c.h; path = ViewController.h; sourceTree = "<group>"; };
		D412CCE51741E05F00EB310C /* ViewController.m */ = {isa = PBXFileReference; lastKnownFileType = sourcecode.c.objc; path = ViewController.m; sourceTree = "<group>"; };
		D453EC5B1744D98600230D32 /* SecondViewController.h */ = {isa = PBXFileReference; fileEncoding = 4; lastKnownFileType = sourcecode.c.h; path = SecondViewController.h; sourceTree = "<group>"; };
		D453EC5C1744D98600230D32 /* SecondViewController.m */ = {isa = PBXFileReference; fileEncoding = 4; lastKnownFileType = sourcecode.c.objc; path = SecondViewController.m; sourceTree = "<group>"; };
/* End PBXFileReference section */

/* Begin PBXFrameworksBuildPhase section */
		D412CCC31741E05F00EB310C /* Frameworks */ = {
			isa = PBXFrameworksBuildPhase;
			buildActionMask = 2147483647;
			files = (
				D412CCCA1741E05F00EB310C /* UIKit.framework in Frameworks */,
				D412CCCC1741E05F00EB310C /* Foundation.framework in Frameworks */,
				D412CCCE1741E05F00EB310C /* CoreGraphics.framework in Frameworks */,
			);
			runOnlyForDeploymentPostprocessing = 0;
		};
/* End PBXFrameworksBuildPhase section */

/* Begin PBXGroup section */
		D412CCBD1741E05F00EB310C = {
			isa = PBXGroup;
			children = (
				D412CCCF1741E05F00EB310C /* StoryboardRunPCExample */,
				D412CCC81741E05F00EB310C /* Frameworks */,
				D412CCC71741E05F00EB310C /* Products */,
			);
			sourceTree = "<group>";
		};
		D412CCC71741E05F00EB310C /* Products */ = {
			isa = PBXGroup;
			children = (
				D412CCC61741E05F00EB310C /* StoryboardRunPCExample.app */,
			);
			name = Products;
			sourceTree = "<group>";
		};
		D412CCC81741E05F00EB310C /* Frameworks */ = {
			isa = PBXGroup;
			children = (
				D412CCC91741E05F00EB310C /* UIKit.framework */,
				D412CCCB1741E05F00EB310C /* Foundation.framework */,
				D412CCCD1741E05F00EB310C /* CoreGraphics.framework */,
			);
			name = Frameworks;
			sourceTree = "<group>";
		};
		D412CCCF1741E05F00EB310C /* StoryboardRunPCExample */ = {
			isa = PBXGroup;
			children = (
				D412CCD81741E05F00EB310C /* AppDelegate.h */,
				D412CCD91741E05F00EB310C /* AppDelegate.m */,
				D412CCE11741E05F00EB310C /* MainStoryboard.storyboard */,
				D412CCE41741E05F00EB310C /* ViewController.h */,
				D412CCE51741E05F00EB310C /* ViewController.m */,
				D453EC5B1744D98600230D32 /* SecondViewController.h */,
				D453EC5C1744D98600230D32 /* SecondViewController.m */,
				D412CCD01741E05F00EB310C /* Supporting Files */,
			);
			path = StoryboardRunPCExample;
			sourceTree = "<group>";
		};
		D412CCD01741E05F00EB310C /* Supporting Files */ = {
			isa = PBXGroup;
			children = (
				D412CCD11741E05F00EB310C /* StoryboardRunPCExample-Info.plist */,
				D412CCD21741E05F00EB310C /* InfoPlist.strings */,
				D412CCD51741E05F00EB310C /* main.m */,
				D412CCD71741E05F00EB310C /* StoryboardRunPCExample-Prefix.pch */,
				D412CCDB1741E05F00EB310C /* Default.png */,
				D412CCDD1741E05F00EB310C /* Default@2x.png */,
				D412CCDF1741E05F00EB310C /* Default-568h@2x.png */,
			);
			name = "Supporting Files";
			sourceTree = "<group>";
		};
/* End PBXGroup section */

/* Begin PBXNativeTarget section */
		D412CCC51741E05F00EB310C /* StoryboardRunPCExample */ = {
			isa = PBXNativeTarget;
			buildConfigurationList = D412CCE91741E05F00EB310C /* Build configuration list for PBXNativeTarget "StoryboardRunPCExample" */;
			buildPhases = (
				D412CCC21741E05F00EB310C /* Sources */,
				D412CCC31741E05F00EB310C /* Frameworks */,
				D412CCC41741E05F00EB310C /* Resources */,
			);
			buildRules = (
			);
			dependencies = (
			);
			name = StoryboardRunPCExample;
			productName = StoryboardRunPCExample;
			productReference = D412CCC61741E05F00EB310C /* StoryboardRunPCExample.app */;
			productType = "com.apple.product-type.application";
		};
/* End PBXNativeTarget section */

/* Begin PBXProject section */
		D412CCBE1741E05F00EB310C /* Project object */ = {
			isa = PBXProject;
			attributes = {
				LastUpgradeCheck = 0460;
				ORGANIZATIONNAME = "Rock Su";
			};
			buildConfigurationList = D412CCC11741E05F00EB310C /* Build configuration list for PBXProject "StoryboardRunPCExample" */;
			compatibilityVersion = "Xcode 3.2";
			developmentRegion = English;
			hasScannedForEncodings = 0;
			knownRegions = (
				en,
			);
			mainGroup = D412CCBD1741E05F00EB310C;
			productRefGroup = D412CCC71741E05F00EB310C /* Products */;
			projectDirPath = "";
			projectRoot = "";
			targets = (
				D412CCC51741E05F00EB310C /* StoryboardRunPCExample */,
			);
		};
/* End PBXProject section */

/* Begin PBXResourcesBuildPhase section */
		D412CCC41741E05F00EB310C /* Resources */ = {
			isa = PBXResourcesBuildPhase;
			buildActionMask = 2147483647;
			files = (
				D412CCD41741E05F00EB310C /* InfoPlist.strings in Resources */,
				D412CCDC1741E05F00EB310C /* Default.png in Resources */,
				D412CCDE1741E05F00EB310C /* Default@2x.png in Resources */,
				D412CCE01741E05F00EB310C /* Default-568h@2x.png in Resources */,
				D412CCE31741E05F00EB310C /* MainStoryboard.storyboard in Resources */,
			);
			runOnlyForDeploymentPostprocessing = 0;
		};
/* End PBXResourcesBuildPhase section */

/* Begin PBXSourcesBuildPhase section */
		D412CCC21741E05F00EB310C /* Sources */ = {
			isa = PBXSourcesBuildPhase;
			buildActionMask = 2147483647;
			files = (
				D412CCD61741E05F00EB310C /* main.m in Sources */,
				D412CCDA1741E05F00EB310C /* AppDelegate.m in Sources */,
				D412CCE61741E05F00EB310C /* ViewController.m in Sources */,
				D453EC5D1744D98600230D32 /* SecondViewController.m in Sources */,
			);
			runOnlyForDeploymentPostprocessing = 0;
		};
/* End PBXSourcesBuildPhase section */

/* Begin PBXVariantGroup section */
		D412CCD21741E05F00EB310C /* InfoPlist.strings */ = {
			isa = PBXVariantGroup;
			children = (
				D412CCD31741E05F00EB310C /* en */,
			);
			name = InfoPlist.strings;
			sourceTree = "<group>";
		};
		D412CCE11741E05F00EB310C /* MainStoryboard.storyboard */ = {
			isa = PBXVariantGroup;
			children = (
				D412CCE21741E05F00EB310C /* en */,
			);
			name = MainStoryboard.storyboard;
			sourceTree = "<group>";
		};
/* End PBXVariantGroup section */

/* Begin XCBuildConfiguration section */
		D412CCE71741E05F00EB310C /* Debug */ = {
			isa = XCBuildConfiguration;
			buildSettings = {
				ALWAYS_SEARCH_USER_PATHS = NO;
				CLANG_CXX_LANGUAGE_STANDARD = "gnu++0x";
				CLANG_CXX_LIBRARY = "libc++";
				CLANG_ENABLE_OBJC_ARC = YES;
				CLANG_WARN_CONSTANT_CONVERSION = YES;
				CLANG_WARN_EMPTY_BODY = YES;
				CLANG_WARN_ENUM_CONVERSION = YES;
				CLANG_WARN_INT_CONVERSION = YES;
				CLANG_WARN__DUPLICATE_METHOD_MATCH = YES;
				"CODE_SIGN_IDENTITY[sdk=iphoneos*]" = "iPhone Developer";
				COPY_PHASE_STRIP = NO;
				GCC_C_LANGUAGE_STANDARD = gnu99;
				GCC_DYNAMIC_NO_PIC = NO;
				GCC_OPTIMIZATION_LEVEL = 0;
				GCC_PREPROCESSOR_DEFINITIONS = (
					"DEBUG=1",
					"$(inherited)",
				);
				GCC_SYMBOLS_PRIVATE_EXTERN = NO;
				GCC_WARN_ABOUT_RETURN_TYPE = YES;
				GCC_WARN_UNINITIALIZED_AUTOS = YES;
				GCC_WARN_UNUSED_VARIABLE = YES;
				IPHONEOS_DEPLOYMENT_TARGET = 6.1;
				ONLY_ACTIVE_ARCH = YES;
				SDKROOT = iphoneos;
			};
			name = Debug;
		};
		D412CCE81741E05F00EB310C /* Release */ = {
			isa = XCBuildConfiguration;
			buildSettings = {
				ALWAYS_SEARCH_USER_PATHS = NO;
				CLANG_CXX_LANGUAGE_STANDARD = "gnu++0x";
				CLANG_CXX_LIBRARY = "libc++";
				CLANG_ENABLE_OBJC_ARC = YES;
				CLANG_WARN_CONSTANT_CONVERSION = YES;
				CLANG_WARN_EMPTY_BODY = YES;
				CLANG_WARN_ENUM_CONVERSION = YES;
				CLANG_WARN_INT_CONVERSION = YES;
				CLANG_WARN__DUPLICATE_METHOD_MATCH = YES;
				"CODE_SIGN_IDENTITY[sdk=iphoneos*]" = "iPhone Developer";
				COPY_PHASE_STRIP = YES;
				GCC_C_LANGUAGE_STANDARD = gnu99;
				GCC_WARN_ABOUT_RETURN_TYPE = YES;
				GCC_WARN_UNINITIALIZED_AUTOS = YES;
				GCC_WARN_UNUSED_VARIABLE = YES;
				IPHONEOS_DEPLOYMENT_TARGET = 6.1;
				OTHER_CFLAGS = "-DNS_BLOCK_ASSERTIONS=1";
				SDKROOT = iphoneos;
				VALIDATE_PRODUCT = YES;
			};
			name = Release;
		};
		D412CCEA1741E05F00EB310C /* Debug */ = {
			isa = XCBuildConfiguration;
			buildSettings = {
				GCC_PRECOMPILE_PREFIX_HEADER = YES;
				GCC_PREFIX_HEADER = "StoryboardRunPCExample/StoryboardRunPCExample-Prefix.pch";
				INFOPLIST_FILE = "StoryboardRunPCExample/StoryboardRunPCExample-Info.plist";
				PRODUCT_NAME = "$(TARGET_NAME)";
				WRAPPER_EXTENSION = app;
			};
			name = Debug;
		};
		D412CCEB1741E05F00EB310C /* Release */ = {
			isa = XCBuildConfiguration;
			buildSettings = {
				GCC_PRECOMPILE_PREFIX_HEADER = YES;
				GCC_PREFIX_HEADER = "StoryboardRunPCExample/StoryboardRunPCExample-Prefix.pch";
				INFOPLIST_FILE = "StoryboardRunPCExample/StoryboardRunPCExample-Info.plist";
				PRODUCT_NAME = "$(TARGET_NAME)";
				WRAPPER_EXTENSION = app;
			};
			name = Release;
		};
/* End XCBuildConfiguration section */

/* Begin XCConfigurationList section */
		D412CCC11741E05F00EB310C /* Build configuration list for PBXProject "StoryboardRunPCExample" */ = {
			isa = XCConfigurationList;
			buildConfigurations = (
				D412CCE71741E05F00EB310C /* Debug */,
				D412CCE81741E05F00EB310C /* Release */,
			);
			defaultConfigurationIsVisible = 0;
			defaultConfigurationName = Release;
		};
		D412CCE91741E05F00EB310C /* Build configuration list for PBXNativeTarget "StoryboardRunPCExample" */ = {
			isa = XCConfigurationList;
			buildConfigurations = (
				D412CCEA1741E05F00EB310C /* Debug */,
				D412CCEB1741E05F00EB310C /* Release */,
			);
			defaultConfigurationIsVisible = 0;
			defaultConfigurationName = Release;
		};
/* End XCConfigurationList section */
	};
	rootObject = D412CCBE1741E05F00EB310C /* Project object */;
}
