// !$*UTF8*$!
{
	archiveVersion = 1;
	classes = {
	};
	objectVersion = 46;
	objects = {

/* Begin PBXBuildFile section */
		D4ADF972173CD0F500295FE9 /* UIKit.framework in Frameworks */ = {isa = PBXBuildFile; fileRef = D4ADF971173CD0F500295FE9 /* UIKit.framework */; };
		D4ADF974173CD0F500295FE9 /* Foundation.framework in Frameworks */ = {isa = PBXBuildFile; fileRef = D4ADF973173CD0F500295FE9 /* Foundation.framework */; };
		D4ADF976173CD0F500295FE9 /* CoreGraphics.framework in Frameworks */ = {isa = PBXBuildFile; fileRef = D4ADF975173CD0F500295FE9 /* CoreGraphics.framework */; };
		D4ADF97C173CD0F500295FE9 /* InfoPlist.strings in Resources */ = {isa = PBXBuildFile; fileRef = D4ADF97A173CD0F500295FE9 /* InfoPlist.strings */; };
		D4ADF97E173CD0F500295FE9 /* main.m in Sources */ = {isa = PBXBuildFile; fileRef = D4ADF97D173CD0F500295FE9 /* main.m */; };
		D4ADF982173CD0F500295FE9 /* AppDelegate.m in Sources */ = {isa = PBXBuildFile; fileRef = D4ADF981173CD0F500295FE9 /* AppDelegate.m */; };
		D4ADF984173CD0F500295FE9 /* Default.png in Resources */ = {isa = PBXBuildFile; fileRef = D4ADF983173CD0F500295FE9 /* Default.png */; };
		D4ADF986173CD0F500295FE9 /* Default@2x.png in Resources */ = {isa = PBXBuildFile; fileRef = D4ADF985173CD0F500295FE9 /* Default@2x.png */; };
		D4ADF988173CD0F500295FE9 /* Default-568h@2x.png in Resources */ = {isa = PBXBuildFile; fileRef = D4ADF987173CD0F500295FE9 /* Default-568h@2x.png */; };
		D4ADF98F173CD17200295FE9 /* Storyboard_iPhone.storyboard in Resources */ = {isa = PBXBuildFile; fileRef = D4ADF98E173CD17200295FE9 /* Storyboard_iPhone.storyboard */; };
		D4ADF991173CD28900295FE9 /* Storyboard_iPad.storyboard in Resources */ = {isa = PBXBuildFile; fileRef = D4ADF990173CD28900295FE9 /* Storyboard_iPad.storyboard */; };
/* End PBXBuildFile section */

/* Begin PBXFileReference section */
		D4ADF96E173CD0F500295FE9 /* StoryBoradDemo.app */ = {isa = PBXFileReference; explicitFileType = wrapper.application; includeInIndex = 0; path = StoryBoradDemo.app; sourceTree = BUILT_PRODUCTS_DIR; };
		D4ADF971173CD0F500295FE9 /* UIKit.framework */ = {isa = PBXFileReference; lastKnownFileType = wrapper.framework; name = UIKit.framework; path = System/Library/Frameworks/UIKit.framework; sourceTree = SDKROOT; };
		D4ADF973173CD0F500295FE9 /* Foundation.framework */ = {isa = PBXFileReference; lastKnownFileType = wrapper.framework; name = Foundation.framework; path = System/Library/Frameworks/Foundation.framework; sourceTree = SDKROOT; };
		D4ADF975173CD0F500295FE9 /* CoreGraphics.framework */ = {isa = PBXFileReference; lastKnownFileType = wrapper.framework; name = CoreGraphics.framework; path = System/Library/Frameworks/CoreGraphics.framework; sourceTree = SDKROOT; };
		D4ADF979173CD0F500295FE9 /* StoryBoradDemo-Info.plist */ = {isa = PBXFileReference; lastKnownFileType = text.plist.xml; path = "StoryBoradDemo-Info.plist"; sourceTree = "<group>"; };
		D4ADF97B173CD0F500295FE9 /* en */ = {isa = PBXFileReference; lastKnownFileType = text.plist.strings; name = en; path = en.lproj/InfoPlist.strings; sourceTree = "<group>"; };
		D4ADF97D173CD0F500295FE9 /* main.m */ = {isa = PBXFileReference; lastKnownFileType = sourcecode.c.objc; path = main.m; sourceTree = "<group>"; };
		D4ADF97F173CD0F500295FE9 /* StoryBoradDemo-Prefix.pch */ = {isa = PBXFileReference; lastKnownFileType = sourcecode.c.h; path = "StoryBoradDemo-Prefix.pch"; sourceTree = "<group>"; };
		D4ADF980173CD0F500295FE9 /* AppDelegate.h */ = {isa = PBXFileReference; lastKnownFileType = sourcecode.c.h; path = AppDelegate.h; sourceTree = "<group>"; };
		D4ADF981173CD0F500295FE9 /* AppDelegate.m */ = {isa = PBXFileReference; lastKnownFileType = sourcecode.c.objc; path = AppDelegate.m; sourceTree = "<group>"; };
		D4ADF983173CD0F500295FE9 /* Default.png */ = {isa = PBXFileReference; lastKnownFileType = image.png; path = Default.png; sourceTree = "<group>"; };
		D4ADF985173CD0F500295FE9 /* Default@2x.png */ = {isa = PBXFileReference; lastKnownFileType = image.png; path = "Default@2x.png"; sourceTree = "<group>"; };
		D4ADF987173CD0F500295FE9 /* Default-568h@2x.png */ = {isa = PBXFileReference; lastKnownFileType = image.png; path = "Default-568h@2x.png"; sourceTree = "<group>"; };
		D4ADF98E173CD17200295FE9 /* Storyboard_iPhone.storyboard */ = {isa = PBXFileReference; fileEncoding = 4; lastKnownFileType = file.storyboard; path = Storyboard_iPhone.storyboard; sourceTree = "<group>"; };
		D4ADF990173CD28900295FE9 /* Storyboard_iPad.storyboard */ = {isa = PBXFileReference; fileEncoding = 4; lastKnownFileType = file.storyboard; path = Storyboard_iPad.storyboard; sourceTree = "<group>"; };
/* End PBXFileReference section */

/* Begin PBXFrameworksBuildPhase section */
		D4ADF96B173CD0F500295FE9 /* Frameworks */ = {
			isa = PBXFrameworksBuildPhase;
			buildActionMask = 2147483647;
			files = (
				D4ADF972173CD0F500295FE9 /* UIKit.framework in Frameworks */,
				D4ADF974173CD0F500295FE9 /* Foundation.framework in Frameworks */,
				D4ADF976173CD0F500295FE9 /* CoreGraphics.framework in Frameworks */,
			);
			runOnlyForDeploymentPostprocessing = 0;
		};
/* End PBXFrameworksBuildPhase section */

/* Begin PBXGroup section */
		D4ADF965173CD0F500295FE9 = {
			isa = PBXGroup;
			children = (
				D4ADF990173CD28900295FE9 /* Storyboard_iPad.storyboard */,
				D4ADF98E173CD17200295FE9 /* Storyboard_iPhone.storyboard */,
				D4ADF977173CD0F500295FE9 /* StoryBoradDemo */,
				D4ADF970173CD0F500295FE9 /* Frameworks */,
				D4ADF96F173CD0F500295FE9 /* Products */,
			);
			sourceTree = "<group>";
		};
		D4ADF96F173CD0F500295FE9 /* Products */ = {
			isa = PBXGroup;
			children = (
				D4ADF96E173CD0F500295FE9 /* StoryBoradDemo.app */,
			);
			name = Products;
			sourceTree = "<group>";
		};
		D4ADF970173CD0F500295FE9 /* Frameworks */ = {
			isa = PBXGroup;
			children = (
				D4ADF971173CD0F500295FE9 /* UIKit.framework */,
				D4ADF973173CD0F500295FE9 /* Foundation.framework */,
				D4ADF975173CD0F500295FE9 /* CoreGraphics.framework */,
			);
			name = Frameworks;
			sourceTree = "<group>";
		};
		D4ADF977173CD0F500295FE9 /* StoryBoradDemo */ = {
			isa = PBXGroup;
			children = (
				D4ADF980173CD0F500295FE9 /* AppDelegate.h */,
				D4ADF981173CD0F500295FE9 /* AppDelegate.m */,
				D4ADF978173CD0F500295FE9 /* Supporting Files */,
			);
			path = StoryBoradDemo;
			sourceTree = "<group>";
		};
		D4ADF978173CD0F500295FE9 /* Supporting Files */ = {
			isa = PBXGroup;
			children = (
				D4ADF979173CD0F500295FE9 /* StoryBoradDemo-Info.plist */,
				D4ADF97A173CD0F500295FE9 /* InfoPlist.strings */,
				D4ADF97D173CD0F500295FE9 /* main.m */,
				D4ADF97F173CD0F500295FE9 /* StoryBoradDemo-Prefix.pch */,
				D4ADF983173CD0F500295FE9 /* Default.png */,
				D4ADF985173CD0F500295FE9 /* Default@2x.png */,
				D4ADF987173CD0F500295FE9 /* Default-568h@2x.png */,
			);
			name = "Supporting Files";
			sourceTree = "<group>";
		};
/* End PBXGroup section */

/* Begin PBXNativeTarget section */
		D4ADF96D173CD0F500295FE9 /* StoryBoradDemo */ = {
			isa = PBXNativeTarget;
			buildConfigurationList = D4ADF98B173CD0F500295FE9 /* Build configuration list for PBXNativeTarget "StoryBoradDemo" */;
			buildPhases = (
				D4ADF96A173CD0F500295FE9 /* Sources */,
				D4ADF96B173CD0F500295FE9 /* Frameworks */,
				D4ADF96C173CD0F500295FE9 /* Resources */,
			);
			buildRules = (
			);
			dependencies = (
			);
			name = StoryBoradDemo;
			productName = StoryBoradDemo;
			productReference = D4ADF96E173CD0F500295FE9 /* StoryBoradDemo.app */;
			productType = "com.apple.product-type.application";
		};
/* End PBXNativeTarget section */

/* Begin PBXProject section */
		D4ADF966173CD0F500295FE9 /* Project object */ = {
			isa = PBXProject;
			attributes = {
				LastUpgradeCheck = 0460;
				ORGANIZATIONNAME = "Rock Su";
			};
			buildConfigurationList = D4ADF969173CD0F500295FE9 /* Build configuration list for PBXProject "StoryBoradDemo" */;
			compatibilityVersion = "Xcode 3.2";
			developmentRegion = English;
			hasScannedForEncodings = 0;
			knownRegions = (
				en,
			);
			mainGroup = D4ADF965173CD0F500295FE9;
			productRefGroup = D4ADF96F173CD0F500295FE9 /* Products */;
			projectDirPath = "";
			projectRoot = "";
			targets = (
				D4ADF96D173CD0F500295FE9 /* StoryBoradDemo */,
			);
		};
/* End PBXProject section */

/* Begin PBXResourcesBuildPhase section */
		D4ADF96C173CD0F500295FE9 /* Resources */ = {
			isa = PBXResourcesBuildPhase;
			buildActionMask = 2147483647;
			files = (
				D4ADF97C173CD0F500295FE9 /* InfoPlist.strings in Resources */,
				D4ADF984173CD0F500295FE9 /* Default.png in Resources */,
				D4ADF986173CD0F500295FE9 /* Default@2x.png in Resources */,
				D4ADF988173CD0F500295FE9 /* Default-568h@2x.png in Resources */,
				D4ADF98F173CD17200295FE9 /* Storyboard_iPhone.storyboard in Resources */,
				D4ADF991173CD28900295FE9 /* Storyboard_iPad.storyboard in Resources */,
			);
			runOnlyForDeploymentPostprocessing = 0;
		};
/* End PBXResourcesBuildPhase section */

/* Begin PBXSourcesBuildPhase section */
		D4ADF96A173CD0F500295FE9 /* Sources */ = {
			isa = PBXSourcesBuildPhase;
			buildActionMask = 2147483647;
			files = (
				D4ADF97E173CD0F500295FE9 /* main.m in Sources */,
				D4ADF982173CD0F500295FE9 /* AppDelegate.m in Sources */,
			);
			runOnlyForDeploymentPostprocessing = 0;
		};
/* End PBXSourcesBuildPhase section */

/* Begin PBXVariantGroup section */
		D4ADF97A173CD0F500295FE9 /* InfoPlist.strings */ = {
			isa = PBXVariantGroup;
			children = (
				D4ADF97B173CD0F500295FE9 /* en */,
			);
			name = InfoPlist.strings;
			sourceTree = "<group>";
		};
/* End PBXVariantGroup section */

/* Begin XCBuildConfiguration section */
		D4ADF989173CD0F500295FE9 /* Debug */ = {
			isa = XCBuildConfiguration;
			buildSettings = {
				ALWAYS_SEARCH_USER_PATHS = NO;
				CLANG_CXX_LANGUAGE_STANDARD = "gnu++0x";
				CLANG_CXX_LIBRARY = "libc++";
				CLANG_ENABLE_OBJC_ARC = YES;
				CLANG_WARN_CONSTANT_CONVERSION = YES;
				CLANG_WARN_EMPTY_BODY = YES;
				CLANG_WARN_ENUM_CONVERSION = YES;
				CLANG_WARN_INT_CONVERSION = YES;
				CLANG_WARN__DUPLICATE_METHOD_MATCH = YES;
				"CODE_SIGN_IDENTITY[sdk=iphoneos*]" = "iPhone Developer";
				COPY_PHASE_STRIP = NO;
				GCC_C_LANGUAGE_STANDARD = gnu99;
				GCC_DYNAMIC_NO_PIC = NO;
				GCC_OPTIMIZATION_LEVEL = 0;
				GCC_PREPROCESSOR_DEFINITIONS = (
					"DEBUG=1",
					"$(inherited)",
				);
				GCC_SYMBOLS_PRIVATE_EXTERN = NO;
				GCC_WARN_ABOUT_RETURN_TYPE = YES;
				GCC_WARN_UNINITIALIZED_AUTOS = YES;
				GCC_WARN_UNUSED_VARIABLE = YES;
				IPHONEOS_DEPLOYMENT_TARGET = 6.1;
				ONLY_ACTIVE_ARCH = YES;
				SDKROOT = iphoneos;
				TARGETED_DEVICE_FAMILY = "1,2";
			};
			name = Debug;
		};
		D4ADF98A173CD0F500295FE9 /* Release */ = {
			isa = XCBuildConfiguration;
			buildSettings = {
				ALWAYS_SEARCH_USER_PATHS = NO;
				CLANG_CXX_LANGUAGE_STANDARD = "gnu++0x";
				CLANG_CXX_LIBRARY = "libc++";
				CLANG_ENABLE_OBJC_ARC = YES;
				CLANG_WARN_CONSTANT_CONVERSION = YES;
				CLANG_WARN_EMPTY_BODY = YES;
				CLANG_WARN_ENUM_CONVERSION = YES;
				CLANG_WARN_INT_CONVERSION = YES;
				CLANG_WARN__DUPLICATE_METHOD_MATCH = YES;
				"CODE_SIGN_IDENTITY[sdk=iphoneos*]" = "iPhone Developer";
				COPY_PHASE_STRIP = YES;
				GCC_C_LANGUAGE_STANDARD = gnu99;
				GCC_WARN_ABOUT_RETURN_TYPE = YES;
				GCC_WARN_UNINITIALIZED_AUTOS = YES;
				GCC_WARN_UNUSED_VARIABLE = YES;
				IPHONEOS_DEPLOYMENT_TARGET = 6.1;
				OTHER_CFLAGS = "-DNS_BLOCK_ASSERTIONS=1";
				SDKROOT = iphoneos;
				TARGETED_DEVICE_FAMILY = "1,2";
				VALIDATE_PRODUCT = YES;
			};
			name = Release;
		};
		D4ADF98C173CD0F500295FE9 /* Debug */ = {
			isa = XCBuildConfiguration;
			buildSettings = {
				GCC_PRECOMPILE_PREFIX_HEADER = YES;
				GCC_PREFIX_HEADER = "StoryBoradDemo/StoryBoradDemo-Prefix.pch";
				INFOPLIST_FILE = "StoryBoradDemo/StoryBoradDemo-Info.plist";
				PRODUCT_NAME = "$(TARGET_NAME)";
				TARGETED_DEVICE_FAMILY = "1,2";
				WRAPPER_EXTENSION = app;
			};
			name = Debug;
		};
		D4ADF98D173CD0F500295FE9 /* Release */ = {
			isa = XCBuildConfiguration;
			buildSettings = {
				GCC_PRECOMPILE_PREFIX_HEADER = YES;
				GCC_PREFIX_HEADER = "StoryBoradDemo/StoryBoradDemo-Prefix.pch";
				INFOPLIST_FILE = "StoryBoradDemo/StoryBoradDemo-Info.plist";
				PRODUCT_NAME = "$(TARGET_NAME)";
				TARGETED_DEVICE_FAMILY = "1,2";
				WRAPPER_EXTENSION = app;
			};
			name = Release;
		};
/* End XCBuildConfiguration section */

/* Begin XCConfigurationList section */
		D4ADF969173CD0F500295FE9 /* Build configuration list for PBXProject "StoryBoradDemo" */ = {
			isa = XCConfigurationList;
			buildConfigurations = (
				D4ADF989173CD0F500295FE9 /* Debug */,
				D4ADF98A173CD0F500295FE9 /* Release */,
			);
			defaultConfigurationIsVisible = 0;
			defaultConfigurationName = Release;
		};
		D4ADF98B173CD0F500295FE9 /* Build configuration list for PBXNativeTarget "StoryBoradDemo" */ = {
			isa = XCConfigurationList;
			buildConfigurations = (
				D4ADF98C173CD0F500295FE9 /* Debug */,
				D4ADF98D173CD0F500295FE9 /* Release */,
			);
			defaultConfigurationIsVisible = 0;
		};
/* End XCConfigurationList section */
	};
	rootObject = D4ADF966173CD0F500295FE9 /* Project object */;
}
